<?xml version="1.0" encoding="utf-8"?>
<Project ToolsVersion="4.0" xmlns="http://schemas.microsoft.com/developer/msbuild/2003">
  <ItemGroup>
    <Filter Include="mylib">
      <UniqueIdentifier>{c174ed62-d8b6-4ee1-a898-5937ee6e16ed}</UniqueIdentifier>
    </Filter>
    <Filter Include="source">
      <UniqueIdentifier>{5eb1d869-890b-40ce-8d19-546b4a87860e}</UniqueIdentifier>
    </Filter>
    <Filter Include="mylib\head">
      <UniqueIdentifier>{cd8ebfca-3c57-4308-ac67-26aaa45be195}</UniqueIdentifier>
    </Filter>
    <Filter Include="mylib\head\cpp">
      <UniqueIdentifier>{116e4ea6-5194-48a3-8fb4-96bdd0cd5a48}</UniqueIdentifier>
    </Filter>
    <Filter Include="mylib\head\cpp\standard">
      <UniqueIdentifier>{4e252e98-5c50-4f7c-ab41-ea3ab6239280}</UniqueIdentifier>
    </Filter>
    <Filter Include="mylib\head\cpp\non_standard">
      <UniqueIdentifier>{ce903bea-cfa6-4ab3-9691-ceb3ba0a7eff}</UniqueIdentifier>
    </Filter>
    <Filter Include="mylib\head\cpp\non_standard\macro">
      <UniqueIdentifier>{32d227ce-8724-4080-a359-88b735bfa172}</UniqueIdentifier>
    </Filter>
    <Filter Include="mylib\head\c">
      <UniqueIdentifier>{5ea567aa-8430-4386-8b13-aea53b08b627}</UniqueIdentifier>
    </Filter>
    <Filter Include="mylib\head\c\standard">
      <UniqueIdentifier>{7439c8a1-6303-4dc1-9181-4654d3a86476}</UniqueIdentifier>
    </Filter>
    <Filter Include="mylib\head\c\non_standard">
      <UniqueIdentifier>{d8df740a-7608-42c2-bd4c-2676562040c9}</UniqueIdentifier>
    </Filter>
    <Filter Include="mylib\module">
      <UniqueIdentifier>{11f97d21-2f5a-47c7-aba1-bcf6fe53e532}</UniqueIdentifier>
    </Filter>
    <Filter Include="mylib\module\standard">
      <UniqueIdentifier>{23abd730-3f81-401b-a437-b51fb768f9c4}</UniqueIdentifier>
    </Filter>
    <Filter Include="mylib\module\standard\algorithm">
      <UniqueIdentifier>{3c2374d8-c596-46e9-9c75-ca1f73041ebf}</UniqueIdentifier>
    </Filter>
    <Filter Include="mylib\module\standard\container">
      <UniqueIdentifier>{bc7c8ddc-b11e-4c97-81ca-2fbcb534642f}</UniqueIdentifier>
    </Filter>
    <Filter Include="mylib\module\standard\io">
      <UniqueIdentifier>{b6b98e3e-402e-49a9-8b8b-af92c89cce27}</UniqueIdentifier>
    </Filter>
    <Filter Include="mylib\module\standard\iterator">
      <UniqueIdentifier>{09e352de-ca03-4fe5-813a-592821767bf2}</UniqueIdentifier>
    </Filter>
    <Filter Include="mylib\module\standard\memory">
      <UniqueIdentifier>{b3533977-d244-4f1d-97b3-bf4940fe2b4e}</UniqueIdentifier>
    </Filter>
    <Filter Include="mylib\module\standard\numeric">
      <UniqueIdentifier>{2ea7722e-c935-4545-924c-ac3d653cc563}</UniqueIdentifier>
    </Filter>
    <Filter Include="mylib\module\standard\string">
      <UniqueIdentifier>{32c7f2e8-8977-4ad4-85c5-fe9198502cce}</UniqueIdentifier>
    </Filter>
    <Filter Include="mylib\module\standard\utility">
      <UniqueIdentifier>{5deb2ac9-2b18-44e7-8434-eb4ee04c039b}</UniqueIdentifier>
    </Filter>
    <Filter Include="mylib\module\non_standard">
      <UniqueIdentifier>{30787d3c-5ca0-4bb2-bdad-91b5b34444ab}</UniqueIdentifier>
    </Filter>
    <Filter Include="mylib\module\non_standard\algorithm">
      <UniqueIdentifier>{9153e062-9097-4a62-8931-200b05bcf4f6}</UniqueIdentifier>
    </Filter>
    <Filter Include="mylib\module\non_standard\conatiner">
      <UniqueIdentifier>{50f85b99-c6ab-4322-b973-8a26b572397d}</UniqueIdentifier>
    </Filter>
    <Filter Include="mylib\module\non_standard\conatiner\tree">
      <UniqueIdentifier>{b68f1152-1f99-4ba5-9be7-d7527a5a5755}</UniqueIdentifier>
    </Filter>
    <Filter Include="mylib\module\non_standard\io">
      <UniqueIdentifier>{819b3cef-3f81-421d-8dbb-a877507b2109}</UniqueIdentifier>
    </Filter>
    <Filter Include="mylib\module\non_standard\string">
      <UniqueIdentifier>{ce9b47ce-465a-4c9f-b691-5f9db038214d}</UniqueIdentifier>
    </Filter>
    <Filter Include="mylib\module\non_standard\templates">
      <UniqueIdentifier>{0f2082c9-6d04-4ad3-81c7-25e8a46ee8b5}</UniqueIdentifier>
    </Filter>
    <Filter Include="mylib\module\non_standard\utility">
      <UniqueIdentifier>{23ad2a4d-d37e-4ecc-acbf-5df0625d2f64}</UniqueIdentifier>
    </Filter>
    <Filter Include="mylib\head\c\non_standard\macro">
      <UniqueIdentifier>{08b91a1e-acb3-4ba5-b6a3-23cb2003837e}</UniqueIdentifier>
    </Filter>
    <Filter Include="mylib\head\macro_meta">
      <UniqueIdentifier>{6cc18df7-a6ad-4ce2-9593-779d232c9623}</UniqueIdentifier>
    </Filter>
    <Filter Include="mylib\module\non_standard\exception">
      <UniqueIdentifier>{febb4b27-ee41-4207-a594-61272042beac}</UniqueIdentifier>
    </Filter>
    <Filter Include="mylib\source">
      <UniqueIdentifier>{29a3850c-832f-4342-9d5b-832c04c27c0f}</UniqueIdentifier>
    </Filter>
    <Filter Include="mylib\source\c">
      <UniqueIdentifier>{2e832e97-fd9c-4d9d-a136-fa6e18415d74}</UniqueIdentifier>
    </Filter>
    <Filter Include="mylib\source\cpp">
      <UniqueIdentifier>{453aec24-5c35-445f-b0b5-5edfddb7ad52}</UniqueIdentifier>
    </Filter>
  </ItemGroup>
  <ItemGroup>
    <ClInclude Include="mylib\head\cpp\cxxstd.h">
      <Filter>mylib\head\cpp</Filter>
    </ClInclude>
    <ClInclude Include="mylib\head\cpp\non_standard\mylib_sort.h">
      <Filter>mylib\head\cpp\non_standard</Filter>
    </ClInclude>
    <ClInclude Include="mylib\head\cpp\non_standard\macro\mylib_assert.h">
      <Filter>mylib\head\cpp\non_standard\macro</Filter>
    </ClInclude>
    <ClInclude Include="mylib\head\c\macro\macro_meta.h">
      <Filter>mylib\head\c\non_standard\macro</Filter>
    </ClInclude>
    <ClInclude Include="mylib\head\macro_meta\macro_base.h">
      <Filter>mylib\head\macro_meta</Filter>
    </ClInclude>
    <ClInclude Include="mylib\head\macro_meta\arithmetic.h">
      <Filter>mylib\head\macro_meta</Filter>
    </ClInclude>
    <ClInclude Include="mylib\head\macro_meta\variadic.h">
      <Filter>mylib\head\macro_meta</Filter>
    </ClInclude>
    <ClInclude Include="mylib\head\preprocessor.h">
      <Filter>mylib\head</Filter>
    </ClInclude>
    <ClInclude Include="mylib\head\macro_meta\bool.h">
      <Filter>mylib\head\macro_meta</Filter>
    </ClInclude>
    <ClInclude Include="mylib\head\macro_meta\if.h">
      <Filter>mylib\head\macro_meta</Filter>
    </ClInclude>
    <ClInclude Include="mylib\head\macro_meta\inc.h">
      <Filter>mylib\head\macro_meta</Filter>
    </ClInclude>
    <ClInclude Include="mylib\head\macro_meta\dec.h">
      <Filter>mylib\head\macro_meta</Filter>
    </ClInclude>
    <ClInclude Include="mylib\head\macro_meta\numeric.h">
      <Filter>mylib\head\macro_meta</Filter>
    </ClInclude>
    <ClInclude Include="mylib\head\macro_meta\for.h">
      <Filter>mylib\head\macro_meta</Filter>
    </ClInclude>
    <ClInclude Include="mylib\head\macro_meta\tuple.h">
      <Filter>mylib\head\macro_meta</Filter>
    </ClInclude>
    <ClInclude Include="mylib\head\macro_meta\compare.h">
      <Filter>mylib\head\macro_meta</Filter>
    </ClInclude>
  </ItemGroup>
  <ItemGroup>
    <None Include="mylib\head\cpp\standard\algorithm">
      <Filter>mylib\head\cpp\standard</Filter>
    </None>
    <None Include="mylib\head\cpp\standard\compare">
      <Filter>mylib\head\cpp\standard</Filter>
    </None>
    <None Include="mylib\head\cpp\standard\deque">
      <Filter>mylib\head\cpp\standard</Filter>
    </None>
    <None Include="mylib\head\cpp\standard\functional">
      <Filter>mylib\head\cpp\standard</Filter>
    </None>
    <None Include="mylib\head\cpp\standard\iterator">
      <Filter>mylib\head\cpp\standard</Filter>
    </None>
    <None Include="mylib\head\cpp\standard\list">
      <Filter>mylib\head\cpp\standard</Filter>
    </None>
    <None Include="mylib\head\cpp\standard\memory">
      <Filter>mylib\head\cpp\standard</Filter>
    </None>
    <None Include="mylib\head\cpp\standard\numeric">
      <Filter>mylib\head\cpp\standard</Filter>
    </None>
    <None Include="mylib\head\cpp\standard\queue">
      <Filter>mylib\head\cpp\standard</Filter>
    </None>
    <None Include="mylib\head\cpp\standard\stack">
      <Filter>mylib\head\cpp\standard</Filter>
    </None>
    <None Include="mylib\head\cpp\standard\string">
      <Filter>mylib\head\cpp\standard</Filter>
    </None>
    <None Include="mylib\head\cpp\standard\type_traits">
      <Filter>mylib\head\cpp\standard</Filter>
    </None>
    <None Include="mylib\head\cpp\standard\utility">
      <Filter>mylib\head\cpp\standard</Filter>
    </None>
    <None Include="mylib\head\cpp\standard\vector">
      <Filter>mylib\head\cpp\standard</Filter>
    </None>
    <None Include="..\README.md" />
    <None Include="mylib\head\README.md">
      <Filter>mylib\head</Filter>
    </None>
    <None Include="mylib\module\README.md">
      <Filter>mylib\module</Filter>
    </None>
  </ItemGroup>
  <ItemGroup>
    <ClCompile Include="mylib\module\standard\algorithm\mylib.algorithm.ixx">
      <Filter>mylib\module\standard\algorithm</Filter>
    </ClCompile>
    <ClCompile Include="mylib\module\standard\container\mylib.deque.ixx">
      <Filter>mylib\module\standard\container</Filter>
    </ClCompile>
    <ClCompile Include="mylib\module\standard\container\mylib.list.ixx">
      <Filter>mylib\module\standard\container</Filter>
    </ClCompile>
    <ClCompile Include="mylib\module\standard\container\mylib.queue.ixx">
      <Filter>mylib\module\standard\container</Filter>
    </ClCompile>
    <ClCompile Include="mylib\module\standard\container\mylib.stack.ixx">
      <Filter>mylib\module\standard\container</Filter>
    </ClCompile>
    <ClCompile Include="mylib\module\standard\container\mylib.vector.ixx">
      <Filter>mylib\module\standard\container</Filter>
    </ClCompile>
    <ClCompile Include="mylib\module\standard\iterator\mylib.iterator.ixx">
      <Filter>mylib\module\standard\iterator</Filter>
    </ClCompile>
    <ClCompile Include="mylib\module\standard\memory\mylib.memory.ixx">
      <Filter>mylib\module\standard\memory</Filter>
    </ClCompile>
    <ClCompile Include="mylib\module\standard\numeric\mylib.numeric.ixx">
      <Filter>mylib\module\standard\numeric</Filter>
    </ClCompile>
    <ClCompile Include="mylib\module\standard\string\mylib.string.ixx">
      <Filter>mylib\module\standard\string</Filter>
    </ClCompile>
    <ClCompile Include="mylib\module\standard\utility\mylib.compare.ixx">
      <Filter>mylib\module\standard\utility</Filter>
    </ClCompile>
    <ClCompile Include="mylib\module\standard\utility\mylib.functional.ixx">
      <Filter>mylib\module\standard\utility</Filter>
    </ClCompile>
    <ClCompile Include="mylib\module\standard\utility\mylib.tuple.ixx">
      <Filter>mylib\module\standard\utility</Filter>
    </ClCompile>
    <ClCompile Include="mylib\module\standard\utility\mylib.type_traits.ixx">
      <Filter>mylib\module\standard\utility</Filter>
    </ClCompile>
    <ClCompile Include="mylib\module\standard\utility\mylib.utility.ixx">
      <Filter>mylib\module\standard\utility</Filter>
    </ClCompile>
    <ClCompile Include="mylib\module\non_standard\algorithm\mylib.concat.ixx">
      <Filter>mylib\module\non_standard\algorithm</Filter>
    </ClCompile>
    <ClCompile Include="mylib\module\non_standard\algorithm\mylib.sort.ixx">
      <Filter>mylib\module\non_standard\algorithm</Filter>
    </ClCompile>
    <ClCompile Include="mylib\module\non_standard\container\mylib.fixed.ixx">
      <Filter>mylib\module\non_standard\conatiner</Filter>
    </ClCompile>
    <ClCompile Include="mylib\module\non_standard\container\mylib.grade.ixx">
      <Filter>mylib\module\non_standard\conatiner</Filter>
    </ClCompile>
    <ClCompile Include="mylib\module\non_standard\container\mylib.graph.ixx">
      <Filter>mylib\module\non_standard\conatiner</Filter>
    </ClCompile>
    <ClCompile Include="mylib\module\non_standard\container\mylib.link_list.ixx">
      <Filter>mylib\module\non_standard\conatiner</Filter>
    </ClCompile>
    <ClCompile Include="mylib\module\non_standard\container\mylib.matrix.ixx">
      <Filter>mylib\module\non_standard\conatiner</Filter>
    </ClCompile>
    <ClCompile Include="mylib\module\non_standard\container\tree\mylib.binary_tree.ixx">
      <Filter>mylib\module\non_standard\conatiner\tree</Filter>
    </ClCompile>
    <ClCompile Include="mylib\module\non_standard\container\tree\mylib.huffman_tree.ixx">
      <Filter>mylib\module\non_standard\conatiner\tree</Filter>
    </ClCompile>
    <ClCompile Include="mylib\module\non_standard\container\tree\mylib.red_black_tree.ixx">
      <Filter>mylib\module\non_standard\conatiner\tree</Filter>
    </ClCompile>
    <ClCompile Include="mylib\module\non_standard\io\mylib.stream_output.ixx">
      <Filter>mylib\module\non_standard\io</Filter>
    </ClCompile>
    <ClCompile Include="mylib\module\non_standard\string\mylib.stack_string.ixx">
      <Filter>mylib\module\non_standard\string</Filter>
    </ClCompile>
    <ClCompile Include="mylib\module\non_standard\string\mylib.string_literal.ixx">
      <Filter>mylib\module\non_standard\string</Filter>
    </ClCompile>
    <ClCompile Include="mylib\module\non_standard\templates\mylib.templates_utility.ixx">
      <Filter>mylib\module\non_standard\templates</Filter>
    </ClCompile>
    <ClCompile Include="mylib\module\non_standard\utility\mylib.aggregate.ixx">
      <Filter>mylib\module\non_standard\utility</Filter>
    </ClCompile>
    <ClCompile Include="mylib\module\non_standard\utility\mylib.container_traits.ixx">
      <Filter>mylib\module\non_standard\utility</Filter>
    </ClCompile>
    <ClCompile Include="mylib\module\non_standard\utility\mylib.eval.ixx">
      <Filter>mylib\module\non_standard\utility</Filter>
    </ClCompile>
    <ClCompile Include="mylib\module\non_standard\utility\mylib.pointer.ixx">
      <Filter>mylib\module\non_standard\utility</Filter>
    </ClCompile>
    <ClCompile Include="mylib\module\non_standard\utility\mylib.string_traits.ixx">
      <Filter>mylib\module\non_standard\utility</Filter>
    </ClCompile>
    <ClCompile Include="mylib\module\non_standard\utility\mylib.timer.ixx">
      <Filter>mylib\module\non_standard\utility</Filter>
    </ClCompile>
    <ClCompile Include="mylib\module\mylib.ixx">
      <Filter>mylib\module</Filter>
    </ClCompile>
    <ClCompile Include="source\f.ixx">
      <Filter>source</Filter>
    </ClCompile>
    <ClCompile Include="source\test_main.ixx">
      <Filter>source</Filter>
    </ClCompile>
    <ClCompile Include="source\tt.cpp">
      <Filter>source</Filter>
    </ClCompile>
    <ClCompile Include="source\源.c">
      <Filter>source</Filter>
    </ClCompile>
    <ClCompile Include="mylib\module\non_standard\string\mylib.char_sequence.ixx">
      <Filter>mylib\module\non_standard\string</Filter>
    </ClCompile>
    <ClCompile Include="mylib\module\non_standard\exception\mylib.assert.ixx">
      <Filter>mylib\module\non_standard\exception</Filter>
    </ClCompile>
    <ClCompile Include="mylib\module\non_standard\exception\mylib.iterator_check.ixx">
      <Filter>mylib\module\non_standard\exception</Filter>
    </ClCompile>
    <ClCompile Include="mylib\module\non_standard\container\tree\mylib.new_binary_tree.ixx">
      <Filter>mylib\module\non_standard\conatiner\tree</Filter>
    </ClCompile>
  </ItemGroup>
  <ItemGroup>
    <MASM Include="source\asm.asm">
      <Filter>source</Filter>
    </MASM>
  </ItemGroup>
  <ItemGroup>
    <Text Include="mylib\head\macro_meta\repet.h">
      <Filter>mylib\head\macro_meta</Filter>
    </Text>
  </ItemGroup>
</Project>